PODS:
  - Alamofire (5.6.2)
  - MBProgressHUD (1.2.0)

DEPENDENCIES:
  - Alamofire (from `https://gitee.com/rain2540/Alamofire.git`, tag `5.6.2`)
  - MBProgressHUD (from `https://gitee.com/rain2540/MBProgressHUD.git`, tag `1.2.0`)

EXTERNAL SOURCES:
  Alamofire:
    :git: https://gitee.com/rain2540/Alamofire.git
    :tag: 5.6.2
  MBProgressHUD:
    :git: https://gitee.com/rain2540/MBProgressHUD.git
    :tag: 1.2.0

CHECKOUT OPTIONS:
  Alamofire:
    :git: https://gitee.com/rain2540/Alamofire.git
    :tag: 5.6.2
  MBProgressHUD:
    :git: https://gitee.com/rain2540/MBProgressHUD.git
    :tag: 1.2.0

SPEC CHECKSUMS:
  Alamofire: d368e1ff8a298e6dde360e35a3e68e6c610e7204
  MBProgressHUD: 3ee5efcc380f6a79a7cc9b363dd669c5e1ae7406

PODFILE CHECKSUM: cd7e73ddc4655de8ffe5396088b18b67298d06c3

COCOAPODS: 1.11.3
