PODS:
  - Alamofire (5.0.2)
  - AlamofireNetworkActivityIndicator (3.0.1):
    - Alamofire (~> 5.0)
  - MBProgressHUD (1.2.0)

DEPENDENCIES:
  - Alamofire
  - AlamofireNetworkActivityIndicator
  - MBProgressHUD

SPEC REPOS:
  trunk:
    - Alamofire
    - AlamofireNetworkActivityIndicator
    - MBProgressHUD

SPEC CHECKSUMS:
  Alamofire: 3ba7a4db18b4f62c4a1c0e1cb39d7f3d52e10ada
  AlamofireNetworkActivityIndicator: f7d4cd8d12bcf61dc569cbe000b0c35e9c8d8d32
  MBProgressHUD: 3ee5efcc380f6a79a7cc9b363dd669c5e1ae7406

PODFILE CHECKSUM: c6e370daa893a511ff8d5634eab74c4563a62c1b

COCOAPODS: 1.9.0
