PODS:
  - Alamofire (5.5.0)
  - MBProgressHUD (1.2.0)

DEPENDENCIES:
  - Alamofire (from `https://gitee.com/rain2540/Alamofire.git`, tag `5.5.0`)
  - MBProgressHUD (from `https://gitee.com/rain2540/MBProgressHUD.git`, tag `1.2.0`)

EXTERNAL SOURCES:
  Alamofire:
    :git: https://gitee.com/rain2540/Alamofire.git
    :tag: 5.5.0
  MBProgressHUD:
    :git: https://gitee.com/rain2540/MBProgressHUD.git
    :tag: 1.2.0

CHECKOUT OPTIONS:
  Alamofire:
    :git: https://gitee.com/rain2540/Alamofire.git
    :tag: 5.5.0
  MBProgressHUD:
    :git: https://gitee.com/rain2540/MBProgressHUD.git
    :tag: 1.2.0

SPEC CHECKSUMS:
  Alamofire: 1c4fb5369c3fe93d2857c780d8bbe09f06f97e7c
  MBProgressHUD: 3ee5efcc380f6a79a7cc9b363dd669c5e1ae7406

PODFILE CHECKSUM: f94fbee6b2c528684e447d5f49ec7b39f895db9b

COCOAPODS: 1.11.3
