// !$*UTF8*$!
{
	archiveVersion = 1;
	classes = {
	};
	objectVersion = 46;
	objects = {

/* Begin PBXBuildFile section */
		24875B9ACAEC7DE1D36C210B /* Pods_RGNetwork.framework in Frameworks */ = {isa = PBXBuildFile; fileRef = 3B22C380EFEE981A579E3DFB /* Pods_RGNetwork.framework */; };
		B7E684111EAA03CC004E9667 /* AppDelegate.swift in Sources */ = {isa = PBXBuildFile; fileRef = B7E684101EAA03CC004E9667 /* AppDelegate.swift */; };
		B7E684131EAA03CC004E9667 /* ViewController.swift in Sources */ = {isa = PBXBuildFile; fileRef = B7E684121EAA03CC004E9667 /* ViewController.swift */; };
		B7E684161EAA03CC004E9667 /* Main.storyboard in Resources */ = {isa = PBXBuildFile; fileRef = B7E684141EAA03CC004E9667 /* Main.storyboard */; };
		B7E684181EAA03CC004E9667 /* Assets.xcassets in Resources */ = {isa = PBXBuildFile; fileRef = B7E684171EAA03CC004E9667 /* Assets.xcassets */; };
		B7E6841B1EAA03CC004E9667 /* LaunchScreen.storyboard in Resources */ = {isa = PBXBuildFile; fileRef = B7E684191EAA03CC004E9667 /* LaunchScreen.storyboard */; };
		B7E684271EAA08C7004E9667 /* RGNetwork.swift in Sources */ = {isa = PBXBuildFile; fileRef = B7E684231EAA08C7004E9667 /* RGNetwork.swift */; };
		B7E9DDEE1EAA197C0061868C /* RGToast.swift in Sources */ = {isa = PBXBuildFile; fileRef = B7E9DDED1EAA197C0061868C /* RGToast.swift */; };
/* End PBXBuildFile section */

/* Begin PBXFileReference section */
		3B22C380EFEE981A579E3DFB /* Pods_RGNetwork.framework */ = {isa = PBXFileReference; explicitFileType = wrapper.framework; includeInIndex = 0; path = Pods_RGNetwork.framework; sourceTree = BUILT_PRODUCTS_DIR; };
		689C9E7B8D61E99428748783 /* Pods-RGNetwork.release.xcconfig */ = {isa = PBXFileReference; includeInIndex = 1; lastKnownFileType = text.xcconfig; name = "Pods-RGNetwork.release.xcconfig"; path = "Pods/Target Support Files/Pods-RGNetwork/Pods-RGNetwork.release.xcconfig"; sourceTree = "<group>"; };
		7AF1A2BEAB42442E9E83774B /* Pods-RGNetwork.debug.xcconfig */ = {isa = PBXFileReference; includeInIndex = 1; lastKnownFileType = text.xcconfig; name = "Pods-RGNetwork.debug.xcconfig"; path = "Pods/Target Support Files/Pods-RGNetwork/Pods-RGNetwork.debug.xcconfig"; sourceTree = "<group>"; };
		B7E6840D1EAA03CC004E9667 /* RGNetwork.app */ = {isa = PBXFileReference; explicitFileType = wrapper.application; includeInIndex = 0; path = RGNetwork.app; sourceTree = BUILT_PRODUCTS_DIR; };
		B7E684101EAA03CC004E9667 /* AppDelegate.swift */ = {isa = PBXFileReference; lastKnownFileType = sourcecode.swift; path = AppDelegate.swift; sourceTree = "<group>"; };
		B7E684121EAA03CC004E9667 /* ViewController.swift */ = {isa = PBXFileReference; lastKnownFileType = sourcecode.swift; path = ViewController.swift; sourceTree = "<group>"; };
		B7E684151EAA03CC004E9667 /* Base */ = {isa = PBXFileReference; lastKnownFileType = file.storyboard; name = Base; path = Base.lproj/Main.storyboard; sourceTree = "<group>"; };
		B7E684171EAA03CC004E9667 /* Assets.xcassets */ = {isa = PBXFileReference; lastKnownFileType = folder.assetcatalog; path = Assets.xcassets; sourceTree = "<group>"; };
		B7E6841A1EAA03CC004E9667 /* Base */ = {isa = PBXFileReference; lastKnownFileType = file.storyboard; name = Base; path = Base.lproj/LaunchScreen.storyboard; sourceTree = "<group>"; };
		B7E6841C1EAA03CC004E9667 /* Info.plist */ = {isa = PBXFileReference; lastKnownFileType = text.plist.xml; path = Info.plist; sourceTree = "<group>"; };
		B7E684231EAA08C7004E9667 /* RGNetwork.swift */ = {isa = PBXFileReference; fileEncoding = 4; lastKnownFileType = sourcecode.swift; path = RGNetwork.swift; sourceTree = "<group>"; };
		B7E9DDED1EAA197C0061868C /* RGToast.swift */ = {isa = PBXFileReference; fileEncoding = 4; lastKnownFileType = sourcecode.swift; path = RGToast.swift; sourceTree = "<group>"; };
/* End PBXFileReference section */

/* Begin PBXFrameworksBuildPhase section */
		B7E6840A1EAA03CC004E9667 /* Frameworks */ = {
			isa = PBXFrameworksBuildPhase;
			buildActionMask = 2147483647;
			files = (
				24875B9ACAEC7DE1D36C210B /* Pods_RGNetwork.framework in Frameworks */,
			);
			runOnlyForDeploymentPostprocessing = 0;
		};
/* End PBXFrameworksBuildPhase section */

/* Begin PBXGroup section */
		3412797FFA8250CC1679A4B5 /* Pods */ = {
			isa = PBXGroup;
			children = (
				7AF1A2BEAB42442E9E83774B /* Pods-RGNetwork.debug.xcconfig */,
				689C9E7B8D61E99428748783 /* Pods-RGNetwork.release.xcconfig */,
			);
			name = Pods;
			sourceTree = "<group>";
		};
		742F8AB6C007E2CAC208EE14 /* Frameworks */ = {
			isa = PBXGroup;
			children = (
				3B22C380EFEE981A579E3DFB /* Pods_RGNetwork.framework */,
			);
			name = Frameworks;
			sourceTree = "<group>";
		};
		B7E684041EAA03CC004E9667 = {
			isa = PBXGroup;
			children = (
				B7E6840F1EAA03CC004E9667 /* RGNetwork */,
				B7E6840E1EAA03CC004E9667 /* Products */,
				3412797FFA8250CC1679A4B5 /* Pods */,
				742F8AB6C007E2CAC208EE14 /* Frameworks */,
			);
			sourceTree = "<group>";
		};
		B7E6840E1EAA03CC004E9667 /* Products */ = {
			isa = PBXGroup;
			children = (
				B7E6840D1EAA03CC004E9667 /* RGNetwork.app */,
			);
			name = Products;
			sourceTree = "<group>";
		};
		B7E6840F1EAA03CC004E9667 /* RGNetwork */ = {
			isa = PBXGroup;
			children = (
				B7E684221EAA08C7004E9667 /* RGNetwork */,
				B7E684171EAA03CC004E9667 /* Assets.xcassets */,
				B7E684291EAA0944004E9667 /* Supporting Files */,
				B7E684101EAA03CC004E9667 /* AppDelegate.swift */,
				B7E684121EAA03CC004E9667 /* ViewController.swift */,
			);
			path = RGNetwork;
			sourceTree = "<group>";
		};
		B7E684221EAA08C7004E9667 /* RGNetwork */ = {
			isa = PBXGroup;
			children = (
				B7E684231EAA08C7004E9667 /* RGNetwork.swift */,
				B7E9DDED1EAA197C0061868C /* RGToast.swift */,
			);
			path = RGNetwork;
			sourceTree = "<group>";
		};
		B7E684291EAA0944004E9667 /* Supporting Files */ = {
			isa = PBXGroup;
			children = (
				B7E684141EAA03CC004E9667 /* Main.storyboard */,
				B7E684191EAA03CC004E9667 /* LaunchScreen.storyboard */,
				B7E6841C1EAA03CC004E9667 /* Info.plist */,
			);
			name = "Supporting Files";
			sourceTree = "<group>";
		};
/* End PBXGroup section */

/* Begin PBXNativeTarget section */
		B7E6840C1EAA03CC004E9667 /* RGNetwork */ = {
			isa = PBXNativeTarget;
			buildConfigurationList = B7E6841F1EAA03CC004E9667 /* Build configuration list for PBXNativeTarget "RGNetwork" */;
			buildPhases = (
				2420B1A7F611F3AA42A39832 /* [CP] Check Pods Manifest.lock */,
				B7E684091EAA03CC004E9667 /* Sources */,
				B7E6840A1EAA03CC004E9667 /* Frameworks */,
				B7E6840B1EAA03CC004E9667 /* Resources */,
				C5B1AECC8F89EC671B8739C3 /* [CP] Embed Pods Frameworks */,
				D84797F550B4F01C8FD7920B /* [CP] Copy Pods Resources */,
			);
			buildRules = (
			);
			dependencies = (
			);
			name = RGNetwork;
			productName = RGNetwork;
			productReference = B7E6840D1EAA03CC004E9667 /* RGNetwork.app */;
			productType = "com.apple.product-type.application";
		};
/* End PBXNativeTarget section */

/* Begin PBXProject section */
		B7E684051EAA03CC004E9667 /* Project object */ = {
			isa = PBXProject;
			attributes = {
				LastSwiftUpdateCheck = 0830;
				LastUpgradeCheck = 0830;
				ORGANIZATIONNAME = Smartech;
				TargetAttributes = {
					B7E6840C1EAA03CC004E9667 = {
						CreatedOnToolsVersion = 8.3.2;
						DevelopmentTeam = 76U7MFBQ83;
						ProvisioningStyle = Automatic;
					};
				};
			};
			buildConfigurationList = B7E684081EAA03CC004E9667 /* Build configuration list for PBXProject "RGNetwork" */;
			compatibilityVersion = "Xcode 3.2";
			developmentRegion = English;
			hasScannedForEncodings = 0;
			knownRegions = (
				en,
				Base,
			);
			mainGroup = B7E684041EAA03CC004E9667;
			productRefGroup = B7E6840E1EAA03CC004E9667 /* Products */;
			projectDirPath = "";
			projectRoot = "";
			targets = (
				B7E6840C1EAA03CC004E9667 /* RGNetwork */,
			);
		};
/* End PBXProject section */

/* Begin PBXResourcesBuildPhase section */
		B7E6840B1EAA03CC004E9667 /* Resources */ = {
			isa = PBXResourcesBuildPhase;
			buildActionMask = 2147483647;
			files = (
				B7E6841B1EAA03CC004E9667 /* LaunchScreen.storyboard in Resources */,
				B7E684181EAA03CC004E9667 /* Assets.xcassets in Resources */,
				B7E684161EAA03CC004E9667 /* Main.storyboard in Resources */,
			);
			runOnlyForDeploymentPostprocessing = 0;
		};
/* End PBXResourcesBuildPhase section */

/* Begin PBXShellScriptBuildPhase section */
		2420B1A7F611F3AA42A39832 /* [CP] Check Pods Manifest.lock */ = {
			isa = PBXShellScriptBuildPhase;
			buildActionMask = 2147483647;
			files = (
			);
			inputPaths = (
			);
			name = "[CP] Check Pods Manifest.lock";
			outputPaths = (
			);
			runOnlyForDeploymentPostprocessing = 0;
			shellPath = /bin/sh;
			shellScript = "diff \"${PODS_ROOT}/../Podfile.lock\" \"${PODS_ROOT}/Manifest.lock\" > /dev/null\nif [ $? != 0 ] ; then\n    # print error to STDERR\n    echo \"error: The sandbox is not in sync with the Podfile.lock. Run 'pod install' or update your CocoaPods installation.\" >&2\n    exit 1\nfi\n";
			showEnvVarsInLog = 0;
		};
		C5B1AECC8F89EC671B8739C3 /* [CP] Embed Pods Frameworks */ = {
			isa = PBXShellScriptBuildPhase;
			buildActionMask = 2147483647;
			files = (
			);
			inputPaths = (
			);
			name = "[CP] Embed Pods Frameworks";
			outputPaths = (
			);
			runOnlyForDeploymentPostprocessing = 0;
			shellPath = /bin/sh;
			shellScript = "\"${SRCROOT}/Pods/Target Support Files/Pods-RGNetwork/Pods-RGNetwork-frameworks.sh\"\n";
			showEnvVarsInLog = 0;
		};
		D84797F550B4F01C8FD7920B /* [CP] Copy Pods Resources */ = {
			isa = PBXShellScriptBuildPhase;
			buildActionMask = 2147483647;
			files = (
			);
			inputPaths = (
			);
			name = "[CP] Copy Pods Resources";
			outputPaths = (
			);
			runOnlyForDeploymentPostprocessing = 0;
			shellPath = /bin/sh;
			shellScript = "\"${SRCROOT}/Pods/Target Support Files/Pods-RGNetwork/Pods-RGNetwork-resources.sh\"\n";
			showEnvVarsInLog = 0;
		};
/* End PBXShellScriptBuildPhase section */

/* Begin PBXSourcesBuildPhase section */
		B7E684091EAA03CC004E9667 /* Sources */ = {
			isa = PBXSourcesBuildPhase;
			buildActionMask = 2147483647;
			files = (
				B7E9DDEE1EAA197C0061868C /* RGToast.swift in Sources */,
				B7E684131EAA03CC004E9667 /* ViewController.swift in Sources */,
				B7E684111EAA03CC004E9667 /* AppDelegate.swift in Sources */,
				B7E684271EAA08C7004E9667 /* RGNetwork.swift in Sources */,
			);
			runOnlyForDeploymentPostprocessing = 0;
		};
/* End PBXSourcesBuildPhase section */

/* Begin PBXVariantGroup section */
		B7E684141EAA03CC004E9667 /* Main.storyboard */ = {
			isa = PBXVariantGroup;
			children = (
				B7E684151EAA03CC004E9667 /* Base */,
			);
			name = Main.storyboard;
			sourceTree = "<group>";
		};
		B7E684191EAA03CC004E9667 /* LaunchScreen.storyboard */ = {
			isa = PBXVariantGroup;
			children = (
				B7E6841A1EAA03CC004E9667 /* Base */,
			);
			name = LaunchScreen.storyboard;
			sourceTree = "<group>";
		};
/* End PBXVariantGroup section */

/* Begin XCBuildConfiguration section */
		B7E6841D1EAA03CC004E9667 /* Debug */ = {
			isa = XCBuildConfiguration;
			buildSettings = {
				ALWAYS_SEARCH_USER_PATHS = NO;
				CLANG_ANALYZER_NONNULL = YES;
				CLANG_ANALYZER_NUMBER_OBJECT_CONVERSION = YES_AGGRESSIVE;
				CLANG_CXX_LANGUAGE_STANDARD = "gnu++0x";
				CLANG_CXX_LIBRARY = "libc++";
				CLANG_ENABLE_MODULES = YES;
				CLANG_ENABLE_OBJC_ARC = YES;
				CLANG_WARN_BOOL_CONVERSION = YES;
				CLANG_WARN_CONSTANT_CONVERSION = YES;
				CLANG_WARN_DIRECT_OBJC_ISA_USAGE = YES_ERROR;
				CLANG_WARN_DOCUMENTATION_COMMENTS = YES;
				CLANG_WARN_EMPTY_BODY = YES;
				CLANG_WARN_ENUM_CONVERSION = YES;
				CLANG_WARN_INFINITE_RECURSION = YES;
				CLANG_WARN_INT_CONVERSION = YES;
				CLANG_WARN_OBJC_ROOT_CLASS = YES_ERROR;
				CLANG_WARN_SUSPICIOUS_MOVE = YES;
				CLANG_WARN_UNREACHABLE_CODE = YES;
				CLANG_WARN__DUPLICATE_METHOD_MATCH = YES;
				"CODE_SIGN_IDENTITY[sdk=iphoneos*]" = "iPhone Developer";
				COPY_PHASE_STRIP = NO;
				DEBUG_INFORMATION_FORMAT = dwarf;
				ENABLE_STRICT_OBJC_MSGSEND = YES;
				ENABLE_TESTABILITY = YES;
				GCC_C_LANGUAGE_STANDARD = gnu99;
				GCC_DYNAMIC_NO_PIC = NO;
				GCC_NO_COMMON_BLOCKS = YES;
				GCC_OPTIMIZATION_LEVEL = 0;
				GCC_PREPROCESSOR_DEFINITIONS = (
					"DEBUG=1",
					"$(inherited)",
				);
				GCC_WARN_64_TO_32_BIT_CONVERSION = YES;
				GCC_WARN_ABOUT_RETURN_TYPE = YES_ERROR;
				GCC_WARN_UNDECLARED_SELECTOR = YES;
				GCC_WARN_UNINITIALIZED_AUTOS = YES_AGGRESSIVE;
				GCC_WARN_UNUSED_FUNCTION = YES;
				GCC_WARN_UNUSED_VARIABLE = YES;
				IPHONEOS_DEPLOYMENT_TARGET = 10.3;
				MTL_ENABLE_DEBUG_INFO = YES;
				ONLY_ACTIVE_ARCH = YES;
				SDKROOT = iphoneos;
				SWIFT_ACTIVE_COMPILATION_CONDITIONS = DEBUG;
				SWIFT_OPTIMIZATION_LEVEL = "-Onone";
			};
			name = Debug;
		};
		B7E6841E1EAA03CC004E9667 /* Release */ = {
			isa = XCBuildConfiguration;
			buildSettings = {
				ALWAYS_SEARCH_USER_PATHS = NO;
				CLANG_ANALYZER_NONNULL = YES;
				CLANG_ANALYZER_NUMBER_OBJECT_CONVERSION = YES_AGGRESSIVE;
				CLANG_CXX_LANGUAGE_STANDARD = "gnu++0x";
				CLANG_CXX_LIBRARY = "libc++";
				CLANG_ENABLE_MODULES = YES;
				CLANG_ENABLE_OBJC_ARC = YES;
				CLANG_WARN_BOOL_CONVERSION = YES;
				CLANG_WARN_CONSTANT_CONVERSION = YES;
				CLANG_WARN_DIRECT_OBJC_ISA_USAGE = YES_ERROR;
				CLANG_WARN_DOCUMENTATION_COMMENTS = YES;
				CLANG_WARN_EMPTY_BODY = YES;
				CLANG_WARN_ENUM_CONVERSION = YES;
				CLANG_WARN_INFINITE_RECURSION = YES;
				CLANG_WARN_INT_CONVERSION = YES;
				CLANG_WARN_OBJC_ROOT_CLASS = YES_ERROR;
				CLANG_WARN_SUSPICIOUS_MOVE = YES;
				CLANG_WARN_UNREACHABLE_CODE = YES;
				CLANG_WARN__DUPLICATE_METHOD_MATCH = YES;
				"CODE_SIGN_IDENTITY[sdk=iphoneos*]" = "iPhone Developer";
				COPY_PHASE_STRIP = NO;
				DEBUG_INFORMATION_FORMAT = "dwarf-with-dsym";
				ENABLE_NS_ASSERTIONS = NO;
				ENABLE_STRICT_OBJC_MSGSEND = YES;
				GCC_C_LANGUAGE_STANDARD = gnu99;
				GCC_NO_COMMON_BLOCKS = YES;
				GCC_WARN_64_TO_32_BIT_CONVERSION = YES;
				GCC_WARN_ABOUT_RETURN_TYPE = YES_ERROR;
				GCC_WARN_UNDECLARED_SELECTOR = YES;
				GCC_WARN_UNINITIALIZED_AUTOS = YES_AGGRESSIVE;
				GCC_WARN_UNUSED_FUNCTION = YES;
				GCC_WARN_UNUSED_VARIABLE = YES;
				IPHONEOS_DEPLOYMENT_TARGET = 10.3;
				MTL_ENABLE_DEBUG_INFO = NO;
				SDKROOT = iphoneos;
				SWIFT_OPTIMIZATION_LEVEL = "-Owholemodule";
				VALIDATE_PRODUCT = YES;
			};
			name = Release;
		};
		B7E684201EAA03CC004E9667 /* Debug */ = {
			isa = XCBuildConfiguration;
			baseConfigurationReference = 7AF1A2BEAB42442E9E83774B /* Pods-RGNetwork.debug.xcconfig */;
			buildSettings = {
				ASSETCATALOG_COMPILER_APPICON_NAME = AppIcon;
				DEVELOPMENT_TEAM = 76U7MFBQ83;
				INFOPLIST_FILE = RGNetwork/Info.plist;
				IPHONEOS_DEPLOYMENT_TARGET = 9.0;
				LD_RUNPATH_SEARCH_PATHS = "$(inherited) @executable_path/Frameworks";
				PRODUCT_BUNDLE_IDENTIFIER = com.smartech.RGNetwork;
				PRODUCT_NAME = "$(TARGET_NAME)";
				SWIFT_OBJC_BRIDGING_HEADER = "";
				SWIFT_VERSION = 3.0;
			};
			name = Debug;
		};
		B7E684211EAA03CC004E9667 /* Release */ = {
			isa = XCBuildConfiguration;
			baseConfigurationReference = 689C9E7B8D61E99428748783 /* Pods-RGNetwork.release.xcconfig */;
			buildSettings = {
				ASSETCATALOG_COMPILER_APPICON_NAME = AppIcon;
				DEVELOPMENT_TEAM = 76U7MFBQ83;
				INFOPLIST_FILE = RGNetwork/Info.plist;
				IPHONEOS_DEPLOYMENT_TARGET = 9.0;
				LD_RUNPATH_SEARCH_PATHS = "$(inherited) @executable_path/Frameworks";
				PRODUCT_BUNDLE_IDENTIFIER = com.smartech.RGNetwork;
				PRODUCT_NAME = "$(TARGET_NAME)";
				SWIFT_OBJC_BRIDGING_HEADER = "";
				SWIFT_VERSION = 3.0;
			};
			name = Release;
		};
/* End XCBuildConfiguration section */

/* Begin XCConfigurationList section */
		B7E684081EAA03CC004E9667 /* Build configuration list for PBXProject "RGNetwork" */ = {
			isa = XCConfigurationList;
			buildConfigurations = (
				B7E6841D1EAA03CC004E9667 /* Debug */,
				B7E6841E1EAA03CC004E9667 /* Release */,
			);
			defaultConfigurationIsVisible = 0;
			defaultConfigurationName = Release;
		};
		B7E6841F1EAA03CC004E9667 /* Build configuration list for PBXNativeTarget "RGNetwork" */ = {
			isa = XCConfigurationList;
			buildConfigurations = (
				B7E684201EAA03CC004E9667 /* Debug */,
				B7E684211EAA03CC004E9667 /* Release */,
			);
			defaultConfigurationIsVisible = 0;
			defaultConfigurationName = Release;
		};
/* End XCConfigurationList section */
	};
	rootObject = B7E684051EAA03CC004E9667 /* Project object */;
}
